// !$*UTF8*$!
{
	archiveVersion = 1;
	classes = {
	};
	objectVersion = 55;
	objects = {

/* Begin PBXBuildFile section */
		566EFB01282B4DA200D7C2BF /* main.cpp in Sources */ = {isa = PBXBuildFile; fileRef = 566EFB00282B4DA200D7C2BF /* main.cpp */; };
		566EFB1C282B639100D7C2BF /* Test.cpp in Sources */ = {isa = PBXBuildFile; fileRef = 566EFB16282B52A700D7C2BF /* Test.cpp */; };
/* End PBXBuildFile section */

/* Begin PBXCopyFilesBuildPhase section */
		566EFAFB282B4DA200D7C2BF /* CopyFiles */ = {
			isa = PBXCopyFilesBuildPhase;
			buildActionMask = 2147483647;
			dstPath = /usr/share/man/man1/;
			dstSubfolderSpec = 0;
			files = (
			);
			runOnlyForDeploymentPostprocessing = 1;
		};
/* End PBXCopyFilesBuildPhase section */

/* Begin PBXFileReference section */
		566EFAFD282B4DA200D7C2BF /* Student-Records-Keeping-System-SRKS */ = {isa = PBXFileReference; explicitFileType = "compiled.mach-o.executable"; includeInIndex = 0; path = "Student-Records-Keeping-System-SRKS"; sourceTree = BUILT_PRODUCTS_DIR; };
		566EFB00282B4DA200D7C2BF /* main.cpp */ = {isa = PBXFileReference; lastKnownFileType = sourcecode.cpp.cpp; path = main.cpp; sourceTree = "<group>"; };
		566EFB13282B504000D7C2BF /* App.cpp */ = {isa = PBXFileReference; lastKnownFileType = sourcecode.cpp.cpp; path = App.cpp; sourceTree = "<group>"; };
		566EFB14282B504000D7C2BF /* App.hpp */ = {isa = PBXFileReference; lastKnownFileType = sourcecode.cpp.h; path = App.hpp; sourceTree = "<group>"; };
		566EFB16282B52A700D7C2BF /* Test.cpp */ = {isa = PBXFileReference; lastKnownFileType = sourcecode.cpp.cpp; path = Test.cpp; sourceTree = "<group>"; };
		566EFB17282B52A700D7C2BF /* Test.hpp */ = {isa = PBXFileReference; lastKnownFileType = sourcecode.cpp.h; path = Test.hpp; sourceTree = "<group>"; };
		566EFB19282B5BEF00D7C2BF /* Test2.cpp */ = {isa = PBXFileReference; lastKnownFileType = sourcecode.cpp.cpp; path = Test2.cpp; sourceTree = "<group>"; };
/* End PBXFileReference section */

/* Begin PBXFrameworksBuildPhase section */
		566EFAFA282B4DA200D7C2BF /* Frameworks */ = {
			isa = PBXFrameworksBuildPhase;
			buildActionMask = 2147483647;
			files = (
			);
			runOnlyForDeploymentPostprocessing = 0;
		};
/* End PBXFrameworksBuildPhase section */

/* Begin PBXGroup section */
		566EFAF4282B4DA200D7C2BF = {
			isa = PBXGroup;
			children = (
				566EFAFF282B4DA200D7C2BF /* Student-Records-Keeping-System-SRKS */,
				566EFAFE282B4DA200D7C2BF /* Products */,
			);
			sourceTree = "<group>";
		};
		566EFAFE282B4DA200D7C2BF /* Products */ = {
			isa = PBXGroup;
			children = (
				566EFAFD282B4DA200D7C2BF /* Student-Records-Keeping-System-SRKS */,
			);
			name = Products;
			sourceTree = "<group>";
		};
		566EFAFF282B4DA200D7C2BF /* Student-Records-Keeping-System-SRKS */ = {
			isa = PBXGroup;
			children = (
				566EFB0E282B4EC200D7C2BF /* storage */,
				566EFB0D282B4E7A00D7C2BF /* src */,
				566EFB0C282B4E6B00D7C2BF /* include */,
				566EFB0B282B4E5700D7C2BF /* lib */,
				566EFB00282B4DA200D7C2BF /* main.cpp */,
				566EFB19282B5BEF00D7C2BF /* Test2.cpp */,
				566EFB16282B52A700D7C2BF /* Test.cpp */,
				566EFB17282B52A700D7C2BF /* Test.hpp */,
			);
			path = "Student-Records-Keeping-System-SRKS";
			sourceTree = "<group>";
		};
		566EFB0B282B4E5700D7C2BF /* lib */ = {
			isa = PBXGroup;
			children = (
			);
			path = lib;
			sourceTree = "<group>";
		};
		566EFB0C282B4E6B00D7C2BF /* include */ = {
			isa = PBXGroup;
			children = (
			);
			path = include;
			sourceTree = "<group>";
		};
		566EFB0D282B4E7A00D7C2BF /* src */ = {
			isa = PBXGroup;
			children = (
				566EFB13282B504000D7C2BF /* App.cpp */,
				566EFB14282B504000D7C2BF /* App.hpp */,
			);
			path = src;
			sourceTree = "<group>";
		};
		566EFB0E282B4EC200D7C2BF /* storage */ = {
			isa = PBXGroup;
			children = (
			);
			path = storage;
			sourceTree = "<group>";
		};
/* End PBXGroup section */

/* Begin PBXNativeTarget section */
		566EFAFC282B4DA200D7C2BF /* Student-Records-Keeping-System-SRKS */ = {
			isa = PBXNativeTarget;
			buildConfigurationList = 566EFB04282B4DA200D7C2BF /* Build configuration list for PBXNativeTarget "Student-Records-Keeping-System-SRKS" */;
			buildPhases = (
				566EFAF9282B4DA200D7C2BF /* Sources */,
				566EFAFA282B4DA200D7C2BF /* Frameworks */,
				566EFAFB282B4DA200D7C2BF /* CopyFiles */,
			);
			buildRules = (
			);
			dependencies = (
			);
			name = "Student-Records-Keeping-System-SRKS";
			productName = "Student-Records-Keeping-System-SRKS";
			productReference = 566EFAFD282B4DA200D7C2BF /* Student-Records-Keeping-System-SRKS */;
			productType = "com.apple.product-type.tool";
		};
/* End PBXNativeTarget section */

/* Begin PBXProject section */
		566EFAF5282B4DA200D7C2BF /* Project object */ = {
			isa = PBXProject;
			attributes = {
				BuildIndependentTargetsInParallel = 1;
				LastUpgradeCheck = 1330;
				TargetAttributes = {
					566EFAFC282B4DA200D7C2BF = {
						CreatedOnToolsVersion = 13.3.1;
					};
				};
			};
			buildConfigurationList = 566EFAF8282B4DA200D7C2BF /* Build configuration list for PBXProject "Student-Records-Keeping-System-SRKS" */;
			compatibilityVersion = "Xcode 13.0";
			developmentRegion = en;
			hasScannedForEncodings = 0;
			knownRegions = (
				en,
				Base,
			);
			mainGroup = 566EFAF4282B4DA200D7C2BF;
			productRefGroup = 566EFAFE282B4DA200D7C2BF /* Products */;
			projectDirPath = "";
			projectRoot = "";
			targets = (
				566EFAFC282B4DA200D7C2BF /* Student-Records-Keeping-System-SRKS */,
			);
		};
/* End PBXProject section */

/* Begin PBXSourcesBuildPhase section */
		566EFAF9282B4DA200D7C2BF /* Sources */ = {
			isa = PBXSourcesBuildPhase;
			buildActionMask = 2147483647;
			files = (
				566EFB1C282B639100D7C2BF /* Test.cpp in Sources */,
				566EFB01282B4DA200D7C2BF /* main.cpp in Sources */,
			);
			runOnlyForDeploymentPostprocessing = 0;
		};
/* End PBXSourcesBuildPhase section */

/* Begin XCBuildConfiguration section */
		566EFB02282B4DA200D7C2BF /* Debug */ = {
			isa = XCBuildConfiguration;
			buildSettings = {
				ALWAYS_SEARCH_USER_PATHS = NO;
				CLANG_ANALYZER_NONNULL = YES;
				CLANG_ANALYZER_NUMBER_OBJECT_CONVERSION = YES_AGGRESSIVE;
				CLANG_CXX_LANGUAGE_STANDARD = "gnu++17";
				CLANG_ENABLE_MODULES = YES;
				CLANG_ENABLE_OBJC_ARC = YES;
				CLANG_ENABLE_OBJC_WEAK = YES;
				CLANG_WARN_BLOCK_CAPTURE_AUTORELEASING = YES;
				CLANG_WARN_BOOL_CONVERSION = YES;
				CLANG_WARN_COMMA = YES;
				CLANG_WARN_CONSTANT_CONVERSION = YES;
				CLANG_WARN_DEPRECATED_OBJC_IMPLEMENTATIONS = YES;
				CLANG_WARN_DIRECT_OBJC_ISA_USAGE = YES_ERROR;
				CLANG_WARN_DOCUMENTATION_COMMENTS = YES;
				CLANG_WARN_EMPTY_BODY = YES;
				CLANG_WARN_ENUM_CONVERSION = YES;
				CLANG_WARN_INFINITE_RECURSION = YES;
				CLANG_WARN_INT_CONVERSION = YES;
				CLANG_WARN_NON_LITERAL_NULL_CONVERSION = YES;
				CLANG_WARN_OBJC_IMPLICIT_RETAIN_SELF = YES;
				CLANG_WARN_OBJC_LITERAL_CONVERSION = YES;
				CLANG_WARN_OBJC_ROOT_CLASS = YES_ERROR;
				CLANG_WARN_QUOTED_INCLUDE_IN_FRAMEWORK_HEADER = YES;
				CLANG_WARN_RANGE_LOOP_ANALYSIS = YES;
				CLANG_WARN_STRICT_PROTOTYPES = YES;
				CLANG_WARN_SUSPICIOUS_MOVE = YES;
				CLANG_WARN_UNGUARDED_AVAILABILITY = YES_AGGRESSIVE;
				CLANG_WARN_UNREACHABLE_CODE = YES;
				CLANG_WARN__DUPLICATE_METHOD_MATCH = YES;
				COPY_PHASE_STRIP = NO;
				DEBUG_INFORMATION_FORMAT = dwarf;
				ENABLE_STRICT_OBJC_MSGSEND = YES;
				ENABLE_TESTABILITY = YES;
				GCC_C_LANGUAGE_STANDARD = gnu11;
				GCC_DYNAMIC_NO_PIC = NO;
				GCC_NO_COMMON_BLOCKS = YES;
				GCC_OPTIMIZATION_LEVEL = 0;
				GCC_PREPROCESSOR_DEFINITIONS = (
					"DEBUG=1",
					"$(inherited)",
				);
				GCC_WARN_64_TO_32_BIT_CONVERSION = YES;
				GCC_WARN_ABOUT_RETURN_TYPE = YES_ERROR;
				GCC_WARN_UNDECLARED_SELECTOR = YES;
				GCC_WARN_UNINITIALIZED_AUTOS = YES_AGGRESSIVE;
				GCC_WARN_UNUSED_FUNCTION = YES;
				GCC_WARN_UNUSED_VARIABLE = YES;
				MACOSX_DEPLOYMENT_TARGET = 12.3;
				MTL_ENABLE_DEBUG_INFO = INCLUDE_SOURCE;
				MTL_FAST_MATH = YES;
				ONLY_ACTIVE_ARCH = YES;
				SDKROOT = macosx;
			};
			name = Debug;
		};
		566EFB03282B4DA200D7C2BF /* Release */ = {
			isa = XCBuildConfiguration;
			buildSettings = {
				ALWAYS_SEARCH_USER_PATHS = NO;
				CLANG_ANALYZER_NONNULL = YES;
				CLANG_ANALYZER_NUMBER_OBJECT_CONVERSION = YES_AGGRESSIVE;
				CLANG_CXX_LANGUAGE_STANDARD = "gnu++17";
				CLANG_ENABLE_MODULES = YES;
				CLANG_ENABLE_OBJC_ARC = YES;
				CLANG_ENABLE_OBJC_WEAK = YES;
				CLANG_WARN_BLOCK_CAPTURE_AUTORELEASING = YES;
				CLANG_WARN_BOOL_CONVERSION = YES;
				CLANG_WARN_COMMA = YES;
				CLANG_WARN_CONSTANT_CONVERSION = YES;
				CLANG_WARN_DEPRECATED_OBJC_IMPLEMENTATIONS = YES;
				CLANG_WARN_DIRECT_OBJC_ISA_USAGE = YES_ERROR;
				CLANG_WARN_DOCUMENTATION_COMMENTS = YES;
				CLANG_WARN_EMPTY_BODY = YES;
				CLANG_WARN_ENUM_CONVERSION = YES;
				CLANG_WARN_INFINITE_RECURSION = YES;
				CLANG_WARN_INT_CONVERSION = YES;
				CLANG_WARN_NON_LITERAL_NULL_CONVERSION = YES;
				CLANG_WARN_OBJC_IMPLICIT_RETAIN_SELF = YES;
				CLANG_WARN_OBJC_LITERAL_CONVERSION = YES;
				CLANG_WARN_OBJC_ROOT_CLASS = YES_ERROR;
				CLANG_WARN_QUOTED_INCLUDE_IN_FRAMEWORK_HEADER = YES;
				CLANG_WARN_RANGE_LOOP_ANALYSIS = YES;
				CLANG_WARN_STRICT_PROTOTYPES = YES;
				CLANG_WARN_SUSPICIOUS_MOVE = YES;
				CLANG_WARN_UNGUARDED_AVAILABILITY = YES_AGGRESSIVE;
				CLANG_WARN_UNREACHABLE_CODE = YES;
				CLANG_WARN__DUPLICATE_METHOD_MATCH = YES;
				COPY_PHASE_STRIP = NO;
				DEBUG_INFORMATION_FORMAT = "dwarf-with-dsym";
				ENABLE_NS_ASSERTIONS = NO;
				ENABLE_STRICT_OBJC_MSGSEND = YES;
				GCC_C_LANGUAGE_STANDARD = gnu11;
				GCC_NO_COMMON_BLOCKS = YES;
				GCC_WARN_64_TO_32_BIT_CONVERSION = YES;
				GCC_WARN_ABOUT_RETURN_TYPE = YES_ERROR;
				GCC_WARN_UNDECLARED_SELECTOR = YES;
				GCC_WARN_UNINITIALIZED_AUTOS = YES_AGGRESSIVE;
				GCC_WARN_UNUSED_FUNCTION = YES;
				GCC_WARN_UNUSED_VARIABLE = YES;
				MACOSX_DEPLOYMENT_TARGET = 12.3;
				MTL_ENABLE_DEBUG_INFO = NO;
				MTL_FAST_MATH = YES;
				SDKROOT = macosx;
			};
			name = Release;
		};
		566EFB05282B4DA200D7C2BF /* Debug */ = {
			isa = XCBuildConfiguration;
			buildSettings = {
				CODE_SIGN_STYLE = Automatic;
				PRODUCT_NAME = "$(TARGET_NAME)";
			};
			name = Debug;
		};
		566EFB06282B4DA200D7C2BF /* Release */ = {
			isa = XCBuildConfiguration;
			buildSettings = {
				CODE_SIGN_STYLE = Automatic;
				PRODUCT_NAME = "$(TARGET_NAME)";
			};
			name = Release;
		};
/* End XCBuildConfiguration section */

/* Begin XCConfigurationList section */
		566EFAF8282B4DA200D7C2BF /* Build configuration list for PBXProject "Student-Records-Keeping-System-SRKS" */ = {
			isa = XCConfigurationList;
			buildConfigurations = (
				566EFB02282B4DA200D7C2BF /* Debug */,
				566EFB03282B4DA200D7C2BF /* Release */,
			);
			defaultConfigurationIsVisible = 0;
			defaultConfigurationName = Release;
		};
		566EFB04282B4DA200D7C2BF /* Build configuration list for PBXNativeTarget "Student-Records-Keeping-System-SRKS" */ = {
			isa = XCConfigurationList;
			buildConfigurations = (
				566EFB05282B4DA200D7C2BF /* Debug */,
				566EFB06282B4DA200D7C2BF /* Release */,
			);
			defaultConfigurationIsVisible = 0;
			defaultConfigurationName = Release;
		};
/* End XCConfigurationList section */
	};
	rootObject = 566EFAF5282B4DA200D7C2BF /* Project object */;
}
